
Microsoft Visual Studio Solution File, Format Version 12.00
# Visual Studio Version 16
VisualStudioVersion = 16.0.30309.148
MinimumVisualStudioVersion = 10.0.40219.1
Project("{8BC9CEB8-8B4A-11D0-8D11-00A0C91BC942}") = "MergeMeetings", "MergeMeetings\MergeMeetings.vcxproj", "{7628A7C9-A1E3-4BE6-8F47-A1CA3F526791}"
EndProject
Project("{8BC9CEB8-8B4A-11D0-8D11-00A0C91BC942}") = "stringReverseInPlace", "stringReverseInPlace\stringReverseInPlace.vcxproj", "{65F21173-B0F2-4964-A403-08AB87865A5E}"
EndProject
Project("{8BC9CEB8-8B4A-11D0-8D11-00A0C91BC942}") = "ReverseWords", "ReverseWords\ReverseWords.vcxproj", "{F86EB015-FB39-485F-AD58-80CAA954FE8B}"
EndProject
Project("{8BC9CEB8-8B4A-11D0-8D11-00A0C91BC942}") = "MergeSortedArrays", "MergeSortedArrays\MergeSortedArrays.vcxproj", "{59191D6D-E9A0-4D05-B8B0-4C2A12EE0577}"
EndProject
Project("{8BC9CEB8-8B4A-11D0-8D11-00A0C91BC942}") = "onDemandMovieStreaming", "onDemandMovieStreaming\onDemandMovieStreaming.vcxproj", "{7D7C0AA2-48D8-4BFE-895D-5F4A7BE8247E}"
EndProject
Global
	GlobalSection(SolutionConfigurationPlatforms) = preSolution
		Debug|x64 = Debug|x64
		Debug|x86 = Debug|x86
		Release|x64 = Release|x64
		Release|x86 = Release|x86
	EndGlobalSection
	GlobalSection(ProjectConfigurationPlatforms) = postSolution
		{7628A7C9-A1E3-4BE6-8F47-A1CA3F526791}.Debug|x64.ActiveCfg = Debug|x64
		{7628A7C9-A1E3-4BE6-8F47-A1CA3F526791}.Debug|x64.Build.0 = Debug|x64
		{7628A7C9-A1E3-4BE6-8F47-A1CA3F526791}.Debug|x86.ActiveCfg = Debug|Win32
		{7628A7C9-A1E3-4BE6-8F47-A1CA3F526791}.Debug|x86.Build.0 = Debug|Win32
		{7628A7C9-A1E3-4BE6-8F47-A1CA3F526791}.Release|x64.ActiveCfg = Release|x64
		{7628A7C9-A1E3-4BE6-8F47-A1CA3F526791}.Release|x64.Build.0 = Release|x64
		{7628A7C9-A1E3-4BE6-8F47-A1CA3F526791}.Release|x86.ActiveCfg = Release|Win32
		{7628A7C9-A1E3-4BE6-8F47-A1CA3F526791}.Release|x86.Build.0 = Release|Win32
		{65F21173-B0F2-4964-A403-08AB87865A5E}.Debug|x64.ActiveCfg = Debug|x64
		{65F21173-B0F2-4964-A403-08AB87865A5E}.Debug|x64.Build.0 = Debug|x64
		{65F21173-B0F2-4964-A403-08AB87865A5E}.Debug|x86.ActiveCfg = Debug|Win32
		{65F21173-B0F2-4964-A403-08AB87865A5E}.Debug|x86.Build.0 = Debug|Win32
		{65F21173-B0F2-4964-A403-08AB87865A5E}.Release|x64.ActiveCfg = Release|x64
		{65F21173-B0F2-4964-A403-08AB87865A5E}.Release|x64.Build.0 = Release|x64
		{65F21173-B0F2-4964-A403-08AB87865A5E}.Release|x86.ActiveCfg = Release|Win32
		{65F21173-B0F2-4964-A403-08AB87865A5E}.Release|x86.Build.0 = Release|Win32
		{F86EB015-FB39-485F-AD58-80CAA954FE8B}.Debug|x64.ActiveCfg = Debug|x64
		{F86EB015-FB39-485F-AD58-80CAA954FE8B}.Debug|x64.Build.0 = Debug|x64
		{F86EB015-FB39-485F-AD58-80CAA954FE8B}.Debug|x86.ActiveCfg = Debug|Win32
		{F86EB015-FB39-485F-AD58-80CAA954FE8B}.Debug|x86.Build.0 = Debug|Win32
		{F86EB015-FB39-485F-AD58-80CAA954FE8B}.Release|x64.ActiveCfg = Release|x64
		{F86EB015-FB39-485F-AD58-80CAA954FE8B}.Release|x64.Build.0 = Release|x64
		{F86EB015-FB39-485F-AD58-80CAA954FE8B}.Release|x86.ActiveCfg = Release|Win32
		{F86EB015-FB39-485F-AD58-80CAA954FE8B}.Release|x86.Build.0 = Release|Win32
		{59191D6D-E9A0-4D05-B8B0-4C2A12EE0577}.Debug|x64.ActiveCfg = Debug|x64
		{59191D6D-E9A0-4D05-B8B0-4C2A12EE0577}.Debug|x64.Build.0 = Debug|x64
		{59191D6D-E9A0-4D05-B8B0-4C2A12EE0577}.Debug|x86.ActiveCfg = Debug|Win32
		{59191D6D-E9A0-4D05-B8B0-4C2A12EE0577}.Debug|x86.Build.0 = Debug|Win32
		{59191D6D-E9A0-4D05-B8B0-4C2A12EE0577}.Release|x64.ActiveCfg = Release|x64
		{59191D6D-E9A0-4D05-B8B0-4C2A12EE0577}.Release|x64.Build.0 = Release|x64
		{59191D6D-E9A0-4D05-B8B0-4C2A12EE0577}.Release|x86.ActiveCfg = Release|Win32
		{59191D6D-E9A0-4D05-B8B0-4C2A12EE0577}.Release|x86.Build.0 = Release|Win32
		{7D7C0AA2-48D8-4BFE-895D-5F4A7BE8247E}.Debug|x64.ActiveCfg = Debug|x64
		{7D7C0AA2-48D8-4BFE-895D-5F4A7BE8247E}.Debug|x64.Build.0 = Debug|x64
		{7D7C0AA2-48D8-4BFE-895D-5F4A7BE8247E}.Debug|x86.ActiveCfg = Debug|Win32
		{7D7C0AA2-48D8-4BFE-895D-5F4A7BE8247E}.Debug|x86.Build.0 = Debug|Win32
		{7D7C0AA2-48D8-4BFE-895D-5F4A7BE8247E}.Release|x64.ActiveCfg = Release|x64
		{7D7C0AA2-48D8-4BFE-895D-5F4A7BE8247E}.Release|x64.Build.0 = Release|x64
		{7D7C0AA2-48D8-4BFE-895D-5F4A7BE8247E}.Release|x86.ActiveCfg = Release|Win32
		{7D7C0AA2-48D8-4BFE-895D-5F4A7BE8247E}.Release|x86.Build.0 = Release|Win32
	EndGlobalSection
	GlobalSection(SolutionProperties) = preSolution
		HideSolutionNode = FALSE
	EndGlobalSection
	GlobalSection(ExtensibilityGlobals) = postSolution
		SolutionGuid = {2B037885-D9E7-4B80-83CB-743EB2B9412A}
	EndGlobalSection
EndGlobal
